
Microsoft Visual Studio Solution File, Format Version 12.00
# Visual Studio 15
Project("{FAE04EC0-301F-11D3-BF4B-00C04F79EFBC}") = "Assembly-CSharp", "Assembly-CSharp.csproj", "{C370FE90-6020-1D47-C206-6B9F68AFC74C}"
EndProject
Project("{FAE04EC0-301F-11D3-BF4B-00C04F79EFBC}") = "NavMeshComponentsExamples", "NavMeshComponentsExamples.csproj", "{F2F823E1-8BBC-0B2C-A40B-003271AF76E1}"
EndProject
Project("{FAE04EC0-301F-11D3-BF4B-00C04F79EFBC}") = "NavMeshComponentsTestsPlaymode", "NavMeshComponentsTestsPlaymode.csproj", "{3BB9F420-D4BB-E2F5-AB97-BFF46A4E0B07}"
EndProject
Project("{FAE04EC0-301F-11D3-BF4B-00C04F79EFBC}") = "Assembly-CSharp-firstpass", "Assembly-CSharp-firstpass.csproj", "{CD7CFEEC-30FD-41E1-0E40-9E7F5582D728}"
EndProject
Project("{FAE04EC0-301F-11D3-BF4B-00C04F79EFBC}") = "NavMeshComponents", "NavMeshComponents.csproj", "{C23FC4FA-0A71-2D27-5044-EC5A32F98E37}"
EndProject
Project("{FAE04EC0-301F-11D3-BF4B-00C04F79EFBC}") = "NavMeshComponentsEditor", "NavMeshComponentsEditor.csproj", "{74A36209-2C19-B8C5-C2A3-6C6049020C62}"
EndProject
Project("{FAE04EC0-301F-11D3-BF4B-00C04F79EFBC}") = "NavMeshComponentsTestsEditmode", "NavMeshComponentsTestsEditmode.csproj", "{A15516D0-8152-9099-274C-BB9DD78A12EB}"
EndProject
Project("{FAE04EC0-301F-11D3-BF4B-00C04F79EFBC}") = "Assembly-CSharp-Editor-firstpass", "Assembly-CSharp-Editor-firstpass.csproj", "{8F515F6B-0F27-46C5-4DE9-DCA56FEB7CE2}"
EndProject
Project("{FAE04EC0-301F-11D3-BF4B-00C04F79EFBC}") = "NavMeshComponentsExamplesEditor", "NavMeshComponentsExamplesEditor.csproj", "{752534F5-FBC4-58F5-C0E1-7BE00614BE8A}"
EndProject
Global
	GlobalSection(SolutionConfigurationPlatforms) = preSolution
		Debug|Any CPU = Debug|Any CPU
		Release|Any CPU = Release|Any CPU
	EndGlobalSection
	GlobalSection(ProjectConfigurationPlatforms) = postSolution
		{C370FE90-6020-1D47-C206-6B9F68AFC74C}.Debug|Any CPU.ActiveCfg = Debug|Any CPU
		{C370FE90-6020-1D47-C206-6B9F68AFC74C}.Debug|Any CPU.Build.0 = Debug|Any CPU
		{C370FE90-6020-1D47-C206-6B9F68AFC74C}.Release|Any CPU.ActiveCfg = Release|Any CPU
		{C370FE90-6020-1D47-C206-6B9F68AFC74C}.Release|Any CPU.Build.0 = Release|Any CPU
		{F2F823E1-8BBC-0B2C-A40B-003271AF76E1}.Debug|Any CPU.ActiveCfg = Debug|Any CPU
		{F2F823E1-8BBC-0B2C-A40B-003271AF76E1}.Debug|Any CPU.Build.0 = Debug|Any CPU
		{F2F823E1-8BBC-0B2C-A40B-003271AF76E1}.Release|Any CPU.ActiveCfg = Release|Any CPU
		{F2F823E1-8BBC-0B2C-A40B-003271AF76E1}.Release|Any CPU.Build.0 = Release|Any CPU
		{3BB9F420-D4BB-E2F5-AB97-BFF46A4E0B07}.Debug|Any CPU.ActiveCfg = Debug|Any CPU
		{3BB9F420-D4BB-E2F5-AB97-BFF46A4E0B07}.Debug|Any CPU.Build.0 = Debug|Any CPU
		{3BB9F420-D4BB-E2F5-AB97-BFF46A4E0B07}.Release|Any CPU.ActiveCfg = Release|Any CPU
		{3BB9F420-D4BB-E2F5-AB97-BFF46A4E0B07}.Release|Any CPU.Build.0 = Release|Any CPU
		{CD7CFEEC-30FD-41E1-0E40-9E7F5582D728}.Debug|Any CPU.ActiveCfg = Debug|Any CPU
		{CD7CFEEC-30FD-41E1-0E40-9E7F5582D728}.Debug|Any CPU.Build.0 = Debug|Any CPU
		{CD7CFEEC-30FD-41E1-0E40-9E7F5582D728}.Release|Any CPU.ActiveCfg = Release|Any CPU
		{CD7CFEEC-30FD-41E1-0E40-9E7F5582D728}.Release|Any CPU.Build.0 = Release|Any CPU
		{C23FC4FA-0A71-2D27-5044-EC5A32F98E37}.Debug|Any CPU.ActiveCfg = Debug|Any CPU
		{C23FC4FA-0A71-2D27-5044-EC5A32F98E37}.Debug|Any CPU.Build.0 = Debug|Any CPU
		{C23FC4FA-0A71-2D27-5044-EC5A32F98E37}.Release|Any CPU.ActiveCfg = Release|Any CPU
		{C23FC4FA-0A71-2D27-5044-EC5A32F98E37}.Release|Any CPU.Build.0 = Release|Any CPU
		{74A36209-2C19-B8C5-C2A3-6C6049020C62}.Debug|Any CPU.ActiveCfg = Debug|Any CPU
		{74A36209-2C19-B8C5-C2A3-6C6049020C62}.Debug|Any CPU.Build.0 = Debug|Any CPU
		{74A36209-2C19-B8C5-C2A3-6C6049020C62}.Release|Any CPU.ActiveCfg = Release|Any CPU
		{74A36209-2C19-B8C5-C2A3-6C6049020C62}.Release|Any CPU.Build.0 = Release|Any CPU
		{A15516D0-8152-9099-274C-BB9DD78A12EB}.Debug|Any CPU.ActiveCfg = Debug|Any CPU
		{A15516D0-8152-9099-274C-BB9DD78A12EB}.Debug|Any CPU.Build.0 = Debug|Any CPU
		{A15516D0-8152-9099-274C-BB9DD78A12EB}.Release|Any CPU.ActiveCfg = Release|Any CPU
		{A15516D0-8152-9099-274C-BB9DD78A12EB}.Release|Any CPU.Build.0 = Release|Any CPU
		{8F515F6B-0F27-46C5-4DE9-DCA56FEB7CE2}.Debug|Any CPU.ActiveCfg = Debug|Any CPU
		{8F515F6B-0F27-46C5-4DE9-DCA56FEB7CE2}.Debug|Any CPU.Build.0 = Debug|Any CPU
		{8F515F6B-0F27-46C5-4DE9-DCA56FEB7CE2}.Release|Any CPU.ActiveCfg = Release|Any CPU
		{8F515F6B-0F27-46C5-4DE9-DCA56FEB7CE2}.Release|Any CPU.Build.0 = Release|Any CPU
		{752534F5-FBC4-58F5-C0E1-7BE00614BE8A}.Debug|Any CPU.ActiveCfg = Debug|Any CPU
		{752534F5-FBC4-58F5-C0E1-7BE00614BE8A}.Debug|Any CPU.Build.0 = Debug|Any CPU
		{752534F5-FBC4-58F5-C0E1-7BE00614BE8A}.Release|Any CPU.ActiveCfg = Release|Any CPU
		{752534F5-FBC4-58F5-C0E1-7BE00614BE8A}.Release|Any CPU.Build.0 = Release|Any CPU
	EndGlobalSection
	GlobalSection(SolutionProperties) = preSolution
		HideSolutionNode = FALSE
	EndGlobalSection
EndGlobal
